
Microsoft Visual Studio Solution File, Format Version 12.00
# Visual Studio Version 17
VisualStudioVersion = 17.4.33122.133
MinimumVisualStudioVersion = 10.0.40219.1
Project("{FAE04EC0-301F-11D3-BF4B-00C04F79EFBC}") = "Simple ChatGPT API - Desktop", "WindowsFormsApp2\Simple ChatGPT API - Desktop.csproj", "{84713AE3-5453-40E5-843F-F908BB413AAB}"
EndProject
Global
	GlobalSection(SolutionConfigurationPlatforms) = preSolution
		Debug|Any CPU = Debug|Any CPU
		Release|Any CPU = Release|Any CPU
	EndGlobalSection
	GlobalSection(ProjectConfigurationPlatforms) = postSolution
		{84713AE3-5453-40E5-843F-F908BB413AAB}.Debug|Any CPU.ActiveCfg = Debug|Any CPU
		{84713AE3-5453-40E5-843F-F908BB413AAB}.Debug|Any CPU.Build.0 = Debug|Any CPU
		{84713AE3-5453-40E5-843F-F908BB413AAB}.Release|Any CPU.ActiveCfg = Release|Any CPU
		{84713AE3-5453-40E5-843F-F908BB413AAB}.Release|Any CPU.Build.0 = Release|Any CPU
	EndGlobalSection
	GlobalSection(SolutionProperties) = preSolution
		HideSolutionNode = FALSE
	EndGlobalSection
	GlobalSection(ExtensibilityGlobals) = postSolution
		SolutionGuid = {30EADBF2-763A-467D-8F48-5A2E42A8A2F2}
	EndGlobalSection
EndGlobal
